
Microsoft Visual Studio Solution File, Format Version 12.00
# Visual Studio Version 17
VisualStudioVersion = 17.13.35825.156
MinimumVisualStudioVersion = 10.0.40219.1
Project("{FAE04EC0-301F-11D3-BF4B-00C04F79EFBC}") = "ConsoleApp.OutputDemo", "ConsoleApp.OutputDemo\ConsoleApp.OutputDemo.csproj", "{BF6374E9-E7A0-4CE6-9DA0-1857F4F6EB66}"
EndProject
Project("{FAE04EC0-301F-11D3-BF4B-00C04F79EFBC}") = "ConsoleApp.VariablesDemo", "ConsoleApp.VariablesDemo\ConsoleApp.VariablesDemo.csproj", "{83F4378C-AFD4-4191-8CDE-2F8FC8F25D39}"
EndProject
Project("{FAE04EC0-301F-11D3-BF4B-00C04F79EFBC}") = "ConsoleApp.UserInputDemo", "ConsoleApp.UserInputDemo\ConsoleApp.UserInputDemo.csproj", "{97AC2BB4-7F8A-4D13-B5BC-A1AF85891CB7}"
EndProject
Project("{FAE04EC0-301F-11D3-BF4B-00C04F79EFBC}") = "ConsoleApp.VariablesPractice", "ConsoleApp.VariablesPractice\ConsoleApp.VariablesPractice.csproj", "{EAE4C4D4-3D61-44A6-A18E-EF8B84F04480}"
EndProject
Project("{FAE04EC0-301F-11D3-BF4B-00C04F79EFBC}") = "ConsoleApp.Operators", "ConsoleApp.Operators\ConsoleApp.Operators.csproj", "{C497F905-9382-4DA2-A78B-E87309725844}"
EndProject
Global
	GlobalSection(SolutionConfigurationPlatforms) = preSolution
		Debug|Any CPU = Debug|Any CPU
		Release|Any CPU = Release|Any CPU
	EndGlobalSection
	GlobalSection(ProjectConfigurationPlatforms) = postSolution
		{BF6374E9-E7A0-4CE6-9DA0-1857F4F6EB66}.Debug|Any CPU.ActiveCfg = Debug|Any CPU
		{BF6374E9-E7A0-4CE6-9DA0-1857F4F6EB66}.Debug|Any CPU.Build.0 = Debug|Any CPU
		{BF6374E9-E7A0-4CE6-9DA0-1857F4F6EB66}.Release|Any CPU.ActiveCfg = Release|Any CPU
		{BF6374E9-E7A0-4CE6-9DA0-1857F4F6EB66}.Release|Any CPU.Build.0 = Release|Any CPU
		{83F4378C-AFD4-4191-8CDE-2F8FC8F25D39}.Debug|Any CPU.ActiveCfg = Debug|Any CPU
		{83F4378C-AFD4-4191-8CDE-2F8FC8F25D39}.Debug|Any CPU.Build.0 = Debug|Any CPU
		{83F4378C-AFD4-4191-8CDE-2F8FC8F25D39}.Release|Any CPU.ActiveCfg = Release|Any CPU
		{83F4378C-AFD4-4191-8CDE-2F8FC8F25D39}.Release|Any CPU.Build.0 = Release|Any CPU
		{97AC2BB4-7F8A-4D13-B5BC-A1AF85891CB7}.Debug|Any CPU.ActiveCfg = Debug|Any CPU
		{97AC2BB4-7F8A-4D13-B5BC-A1AF85891CB7}.Debug|Any CPU.Build.0 = Debug|Any CPU
		{97AC2BB4-7F8A-4D13-B5BC-A1AF85891CB7}.Release|Any CPU.ActiveCfg = Release|Any CPU
		{97AC2BB4-7F8A-4D13-B5BC-A1AF85891CB7}.Release|Any CPU.Build.0 = Release|Any CPU
		{EAE4C4D4-3D61-44A6-A18E-EF8B84F04480}.Debug|Any CPU.ActiveCfg = Debug|Any CPU
		{EAE4C4D4-3D61-44A6-A18E-EF8B84F04480}.Debug|Any CPU.Build.0 = Debug|Any CPU
		{EAE4C4D4-3D61-44A6-A18E-EF8B84F04480}.Release|Any CPU.ActiveCfg = Release|Any CPU
		{EAE4C4D4-3D61-44A6-A18E-EF8B84F04480}.Release|Any CPU.Build.0 = Release|Any CPU
		{C497F905-9382-4DA2-A78B-E87309725844}.Debug|Any CPU.ActiveCfg = Debug|Any CPU
		{C497F905-9382-4DA2-A78B-E87309725844}.Debug|Any CPU.Build.0 = Debug|Any CPU
		{C497F905-9382-4DA2-A78B-E87309725844}.Release|Any CPU.ActiveCfg = Release|Any CPU
		{C497F905-9382-4DA2-A78B-E87309725844}.Release|Any CPU.Build.0 = Release|Any CPU
	EndGlobalSection
	GlobalSection(SolutionProperties) = preSolution
		HideSolutionNode = FALSE
	EndGlobalSection
	GlobalSection(ExtensibilityGlobals) = postSolution
		SolutionGuid = {C5AE6DD2-8DB8-4096-839D-E35080A990F9}
	EndGlobalSection
EndGlobal
