
Microsoft Visual Studio Solution File, Format Version 12.00
# Visual Studio Version 17
VisualStudioVersion = 17.13.35825.156
MinimumVisualStudioVersion = 10.0.40219.1
Project("{FAE04EC0-301F-11D3-BF4B-00C04F79EFBC}") = "ConsoleApp.OutputDemo", "ConsoleApp.OutputDemo\ConsoleApp.OutputDemo.csproj", "{BF6374E9-E7A0-4CE6-9DA0-1857F4F6EB66}"
EndProject
Project("{FAE04EC0-301F-11D3-BF4B-00C04F79EFBC}") = "ConsoleApp.VariablesDemo", "ConsoleApp.VariablesDemo\ConsoleApp.VariablesDemo.csproj", "{83F4378C-AFD4-4191-8CDE-2F8FC8F25D39}"
EndProject
Project("{FAE04EC0-301F-11D3-BF4B-00C04F79EFBC}") = "ConsoleApp.UserInputDemo", "ConsoleApp.UserInputDemo\ConsoleApp.UserInputDemo.csproj", "{97AC2BB4-7F8A-4D13-B5BC-A1AF85891CB7}"
EndProject
Project("{FAE04EC0-301F-11D3-BF4B-00C04F79EFBC}") = "ConsoleApp.VariablesPractice", "ConsoleApp.VariablesPractice\ConsoleApp.VariablesPractice.csproj", "{EAE4C4D4-3D61-44A6-A18E-EF8B84F04480}"
EndProject
Project("{FAE04EC0-301F-11D3-BF4B-00C04F79EFBC}") = "ConsoleApp.Operators", "ConsoleApp.Operators\ConsoleApp.Operators.csproj", "{C497F905-9382-4DA2-A78B-E87309725844}"
EndProject
Project("{FAE04EC0-301F-11D3-BF4B-00C04F79EFBC}") = "ConsoleApp.Loops", "ConsoleApp.Loops\ConsoleApp.Loops.csproj", "{0CC2ED33-7B13-43AB-B4D9-9DA00883A710}"
EndProject
Project("{FAE04EC0-301F-11D3-BF4B-00C04F79EFBC}") = "ConsoleApp.SampleCalculator", "ConsoleApp.SampleCalculator\ConsoleApp.SampleCalculator.csproj", "{514067EF-2103-4F58-9FB7-C83007DD2667}"
EndProject
Project("{FAE04EC0-301F-11D3-BF4B-00C04F79EFBC}") = "ConsoleApp.ExceptionHandling", "ConsoleApp.ExceptionHandling\ConsoleApp.ExceptionHandling.csproj", "{BE9D17E7-DD80-457E-8ABB-9D539CAF318E}"
EndProject
Project("{FAE04EC0-301F-11D3-BF4B-00C04F79EFBC}") = "ConsoleApp.StringManipulation", "ConsoleApp.StringManipulation\ConsoleApp.StringManipulation.csproj", "{8D372009-862D-44B9-8DAC-532C6B7D6E65}"
EndProject
Project("{FAE04EC0-301F-11D3-BF4B-00C04F79EFBC}") = "ConsoleApp.DateTimeManipulation", "ConsoleApp.DateTimeManipulation\ConsoleApp.DateTimeManipulation.csproj", "{788EE42A-3ABF-466D-802B-81224C3D5F3E}"
EndProject
Project("{FAE04EC0-301F-11D3-BF4B-00C04F79EFBC}") = "ConsoleApp.Methods", "ConsoleApp.Methods\ConsoleApp.Methods.csproj", "{E816C7B8-733B-4673-9CD8-294592D4BA74}"
EndProject
Project("{FAE04EC0-301F-11D3-BF4B-00C04F79EFBC}") = "ConsoleApp.Arrays", "ConsoleApp.Arrays\ConsoleApp.Arrays.csproj", "{F23FD606-F965-4665-B1D1-4124F51EDDC8}"
EndProject
Project("{FAE04EC0-301F-11D3-BF4B-00C04F79EFBC}") = "ConsoleApp.Lists", "ConsoleApp.Lists\ConsoleApp.Lists.csproj", "{0298678D-2C30-41E7-83C3-76C17BFCC510}"
EndProject
Project("{FAE04EC0-301F-11D3-BF4B-00C04F79EFBC}") = "ConsoleApp.ClassesDemo", "ConsoleApp.ClassesDemo\ConsoleApp.ClassesDemo.csproj", "{FFBF85DF-F167-40D9-AEAF-28B8F547E074}"
EndProject
Global
	GlobalSection(SolutionConfigurationPlatforms) = preSolution
		Debug|Any CPU = Debug|Any CPU
		Release|Any CPU = Release|Any CPU
	EndGlobalSection
	GlobalSection(ProjectConfigurationPlatforms) = postSolution
		{BF6374E9-E7A0-4CE6-9DA0-1857F4F6EB66}.Debug|Any CPU.ActiveCfg = Debug|Any CPU
		{BF6374E9-E7A0-4CE6-9DA0-1857F4F6EB66}.Debug|Any CPU.Build.0 = Debug|Any CPU
		{BF6374E9-E7A0-4CE6-9DA0-1857F4F6EB66}.Release|Any CPU.ActiveCfg = Release|Any CPU
		{BF6374E9-E7A0-4CE6-9DA0-1857F4F6EB66}.Release|Any CPU.Build.0 = Release|Any CPU
		{83F4378C-AFD4-4191-8CDE-2F8FC8F25D39}.Debug|Any CPU.ActiveCfg = Debug|Any CPU
		{83F4378C-AFD4-4191-8CDE-2F8FC8F25D39}.Debug|Any CPU.Build.0 = Debug|Any CPU
		{83F4378C-AFD4-4191-8CDE-2F8FC8F25D39}.Release|Any CPU.ActiveCfg = Release|Any CPU
		{83F4378C-AFD4-4191-8CDE-2F8FC8F25D39}.Release|Any CPU.Build.0 = Release|Any CPU
		{97AC2BB4-7F8A-4D13-B5BC-A1AF85891CB7}.Debug|Any CPU.ActiveCfg = Debug|Any CPU
		{97AC2BB4-7F8A-4D13-B5BC-A1AF85891CB7}.Debug|Any CPU.Build.0 = Debug|Any CPU
		{97AC2BB4-7F8A-4D13-B5BC-A1AF85891CB7}.Release|Any CPU.ActiveCfg = Release|Any CPU
		{97AC2BB4-7F8A-4D13-B5BC-A1AF85891CB7}.Release|Any CPU.Build.0 = Release|Any CPU
		{EAE4C4D4-3D61-44A6-A18E-EF8B84F04480}.Debug|Any CPU.ActiveCfg = Debug|Any CPU
		{EAE4C4D4-3D61-44A6-A18E-EF8B84F04480}.Debug|Any CPU.Build.0 = Debug|Any CPU
		{EAE4C4D4-3D61-44A6-A18E-EF8B84F04480}.Release|Any CPU.ActiveCfg = Release|Any CPU
		{EAE4C4D4-3D61-44A6-A18E-EF8B84F04480}.Release|Any CPU.Build.0 = Release|Any CPU
		{C497F905-9382-4DA2-A78B-E87309725844}.Debug|Any CPU.ActiveCfg = Debug|Any CPU
		{C497F905-9382-4DA2-A78B-E87309725844}.Debug|Any CPU.Build.0 = Debug|Any CPU
		{C497F905-9382-4DA2-A78B-E87309725844}.Release|Any CPU.ActiveCfg = Release|Any CPU
		{C497F905-9382-4DA2-A78B-E87309725844}.Release|Any CPU.Build.0 = Release|Any CPU
		{0CC2ED33-7B13-43AB-B4D9-9DA00883A710}.Debug|Any CPU.ActiveCfg = Debug|Any CPU
		{0CC2ED33-7B13-43AB-B4D9-9DA00883A710}.Debug|Any CPU.Build.0 = Debug|Any CPU
		{0CC2ED33-7B13-43AB-B4D9-9DA00883A710}.Release|Any CPU.ActiveCfg = Release|Any CPU
		{0CC2ED33-7B13-43AB-B4D9-9DA00883A710}.Release|Any CPU.Build.0 = Release|Any CPU
		{514067EF-2103-4F58-9FB7-C83007DD2667}.Debug|Any CPU.ActiveCfg = Debug|Any CPU
		{514067EF-2103-4F58-9FB7-C83007DD2667}.Debug|Any CPU.Build.0 = Debug|Any CPU
		{514067EF-2103-4F58-9FB7-C83007DD2667}.Release|Any CPU.ActiveCfg = Release|Any CPU
		{514067EF-2103-4F58-9FB7-C83007DD2667}.Release|Any CPU.Build.0 = Release|Any CPU
		{BE9D17E7-DD80-457E-8ABB-9D539CAF318E}.Debug|Any CPU.ActiveCfg = Debug|Any CPU
		{BE9D17E7-DD80-457E-8ABB-9D539CAF318E}.Debug|Any CPU.Build.0 = Debug|Any CPU
		{BE9D17E7-DD80-457E-8ABB-9D539CAF318E}.Release|Any CPU.ActiveCfg = Release|Any CPU
		{BE9D17E7-DD80-457E-8ABB-9D539CAF318E}.Release|Any CPU.Build.0 = Release|Any CPU
		{8D372009-862D-44B9-8DAC-532C6B7D6E65}.Debug|Any CPU.ActiveCfg = Debug|Any CPU
		{8D372009-862D-44B9-8DAC-532C6B7D6E65}.Debug|Any CPU.Build.0 = Debug|Any CPU
		{8D372009-862D-44B9-8DAC-532C6B7D6E65}.Release|Any CPU.ActiveCfg = Release|Any CPU
		{8D372009-862D-44B9-8DAC-532C6B7D6E65}.Release|Any CPU.Build.0 = Release|Any CPU
		{788EE42A-3ABF-466D-802B-81224C3D5F3E}.Debug|Any CPU.ActiveCfg = Debug|Any CPU
		{788EE42A-3ABF-466D-802B-81224C3D5F3E}.Debug|Any CPU.Build.0 = Debug|Any CPU
		{788EE42A-3ABF-466D-802B-81224C3D5F3E}.Release|Any CPU.ActiveCfg = Release|Any CPU
		{788EE42A-3ABF-466D-802B-81224C3D5F3E}.Release|Any CPU.Build.0 = Release|Any CPU
		{E816C7B8-733B-4673-9CD8-294592D4BA74}.Debug|Any CPU.ActiveCfg = Debug|Any CPU
		{E816C7B8-733B-4673-9CD8-294592D4BA74}.Debug|Any CPU.Build.0 = Debug|Any CPU
		{E816C7B8-733B-4673-9CD8-294592D4BA74}.Release|Any CPU.ActiveCfg = Release|Any CPU
		{E816C7B8-733B-4673-9CD8-294592D4BA74}.Release|Any CPU.Build.0 = Release|Any CPU
		{F23FD606-F965-4665-B1D1-4124F51EDDC8}.Debug|Any CPU.ActiveCfg = Debug|Any CPU
		{F23FD606-F965-4665-B1D1-4124F51EDDC8}.Debug|Any CPU.Build.0 = Debug|Any CPU
		{F23FD606-F965-4665-B1D1-4124F51EDDC8}.Release|Any CPU.ActiveCfg = Release|Any CPU
		{F23FD606-F965-4665-B1D1-4124F51EDDC8}.Release|Any CPU.Build.0 = Release|Any CPU
		{0298678D-2C30-41E7-83C3-76C17BFCC510}.Debug|Any CPU.ActiveCfg = Debug|Any CPU
		{0298678D-2C30-41E7-83C3-76C17BFCC510}.Debug|Any CPU.Build.0 = Debug|Any CPU
		{0298678D-2C30-41E7-83C3-76C17BFCC510}.Release|Any CPU.ActiveCfg = Release|Any CPU
		{0298678D-2C30-41E7-83C3-76C17BFCC510}.Release|Any CPU.Build.0 = Release|Any CPU
		{FFBF85DF-F167-40D9-AEAF-28B8F547E074}.Debug|Any CPU.ActiveCfg = Debug|Any CPU
		{FFBF85DF-F167-40D9-AEAF-28B8F547E074}.Debug|Any CPU.Build.0 = Debug|Any CPU
		{FFBF85DF-F167-40D9-AEAF-28B8F547E074}.Release|Any CPU.ActiveCfg = Release|Any CPU
		{FFBF85DF-F167-40D9-AEAF-28B8F547E074}.Release|Any CPU.Build.0 = Release|Any CPU
	EndGlobalSection
	GlobalSection(SolutionProperties) = preSolution
		HideSolutionNode = FALSE
	EndGlobalSection
	GlobalSection(ExtensibilityGlobals) = postSolution
		SolutionGuid = {C5AE6DD2-8DB8-4096-839D-E35080A990F9}
	EndGlobalSection
EndGlobal
